
Microsoft Visual Studio Solution File, Format Version 12.00
# Visual Studio 15
VisualStudioVersion = 15.0.28307.329
MinimumVisualStudioVersion = 10.0.40219.1
Project("{FAE04EC0-301F-11D3-BF4B-00C04F79EFBC}") = "lab 2 task 3", "lab 2 task 3\lab 2 task 3.csproj", "{988DA1AA-2102-4639-B1DE-66AB640F726B}"
EndProject
Global
	GlobalSection(SolutionConfigurationPlatforms) = preSolution
		Debug|Any CPU = Debug|Any CPU
		Release|Any CPU = Release|Any CPU
	EndGlobalSection
	GlobalSection(ProjectConfigurationPlatforms) = postSolution
		{988DA1AA-2102-4639-B1DE-66AB640F726B}.Debug|Any CPU.ActiveCfg = Debug|Any CPU
		{988DA1AA-2102-4639-B1DE-66AB640F726B}.Debug|Any CPU.Build.0 = Debug|Any CPU
		{988DA1AA-2102-4639-B1DE-66AB640F726B}.Release|Any CPU.ActiveCfg = Release|Any CPU
		{988DA1AA-2102-4639-B1DE-66AB640F726B}.Release|Any CPU.Build.0 = Release|Any CPU
	EndGlobalSection
	GlobalSection(SolutionProperties) = preSolution
		HideSolutionNode = FALSE
	EndGlobalSection
	GlobalSection(ExtensibilityGlobals) = postSolution
		SolutionGuid = {0EAA2A2F-09A3-46C4-97ED-44B3C1572845}
	EndGlobalSection
EndGlobal
