
Microsoft Visual Studio Solution File, Format Version 12.00
# Visual Studio 15
VisualStudioVersion = 15.0.28307.329
MinimumVisualStudioVersion = 10.0.40219.1
Project("{FAE04EC0-301F-11D3-BF4B-00C04F79EFBC}") = "switch", "switch\switch.csproj", "{82BC38DD-1DB7-4B98-BF7F-B0E5D27D134F}"
EndProject
Global
	GlobalSection(SolutionConfigurationPlatforms) = preSolution
		Debug|Any CPU = Debug|Any CPU
		Release|Any CPU = Release|Any CPU
	EndGlobalSection
	GlobalSection(ProjectConfigurationPlatforms) = postSolution
		{82BC38DD-1DB7-4B98-BF7F-B0E5D27D134F}.Debug|Any CPU.ActiveCfg = Debug|Any CPU
		{82BC38DD-1DB7-4B98-BF7F-B0E5D27D134F}.Debug|Any CPU.Build.0 = Debug|Any CPU
		{82BC38DD-1DB7-4B98-BF7F-B0E5D27D134F}.Release|Any CPU.ActiveCfg = Release|Any CPU
		{82BC38DD-1DB7-4B98-BF7F-B0E5D27D134F}.Release|Any CPU.Build.0 = Release|Any CPU
	EndGlobalSection
	GlobalSection(SolutionProperties) = preSolution
		HideSolutionNode = FALSE
	EndGlobalSection
	GlobalSection(ExtensibilityGlobals) = postSolution
		SolutionGuid = {C8C22CE3-7C40-4AD9-8EE1-8E85ED44346D}
	EndGlobalSection
EndGlobal
