
Microsoft Visual Studio Solution File, Format Version 12.00
# Visual Studio 15
VisualStudioVersion = 15.0.28307.329
MinimumVisualStudioVersion = 10.0.40219.1
Project("{FAE04EC0-301F-11D3-BF4B-00C04F79EFBC}") = "filecreate", "filecreate\filecreate.csproj", "{AA73215C-99E7-4B66-A9E9-85CE37E26631}"
EndProject
Global
	GlobalSection(SolutionConfigurationPlatforms) = preSolution
		Debug|Any CPU = Debug|Any CPU
		Release|Any CPU = Release|Any CPU
	EndGlobalSection
	GlobalSection(ProjectConfigurationPlatforms) = postSolution
		{AA73215C-99E7-4B66-A9E9-85CE37E26631}.Debug|Any CPU.ActiveCfg = Debug|Any CPU
		{AA73215C-99E7-4B66-A9E9-85CE37E26631}.Debug|Any CPU.Build.0 = Debug|Any CPU
		{AA73215C-99E7-4B66-A9E9-85CE37E26631}.Release|Any CPU.ActiveCfg = Release|Any CPU
		{AA73215C-99E7-4B66-A9E9-85CE37E26631}.Release|Any CPU.Build.0 = Release|Any CPU
	EndGlobalSection
	GlobalSection(SolutionProperties) = preSolution
		HideSolutionNode = FALSE
	EndGlobalSection
	GlobalSection(ExtensibilityGlobals) = postSolution
		SolutionGuid = {35FD166F-7D62-46EA-AEB7-7E0613B282AE}
	EndGlobalSection
EndGlobal
