
Microsoft Visual Studio Solution File, Format Version 12.00
# Visual Studio 15
VisualStudioVersion = 15.0.28307.329
MinimumVisualStudioVersion = 10.0.40219.1
Project("{9A19103F-16F7-4668-BE54-9A1E7A4F7556}") = "Task 2 Lab2", "Task 2 Lab2\Task 2 Lab2.csproj", "{8E664EDA-EEDB-4150-B785-3163D71CC473}"
EndProject
Global
	GlobalSection(SolutionConfigurationPlatforms) = preSolution
		Debug|Any CPU = Debug|Any CPU
		Release|Any CPU = Release|Any CPU
	EndGlobalSection
	GlobalSection(ProjectConfigurationPlatforms) = postSolution
		{8E664EDA-EEDB-4150-B785-3163D71CC473}.Debug|Any CPU.ActiveCfg = Debug|Any CPU
		{8E664EDA-EEDB-4150-B785-3163D71CC473}.Debug|Any CPU.Build.0 = Debug|Any CPU
		{8E664EDA-EEDB-4150-B785-3163D71CC473}.Release|Any CPU.ActiveCfg = Release|Any CPU
		{8E664EDA-EEDB-4150-B785-3163D71CC473}.Release|Any CPU.Build.0 = Release|Any CPU
	EndGlobalSection
	GlobalSection(SolutionProperties) = preSolution
		HideSolutionNode = FALSE
	EndGlobalSection
	GlobalSection(ExtensibilityGlobals) = postSolution
		SolutionGuid = {5EB84DF4-4386-469C-B9BD-995921FB22CB}
	EndGlobalSection
EndGlobal
